
Microsoft Visual Studio Solution File, Format Version 12.00
# Visual Studio 2012
Project("{FAE04EC0-301F-11D3-BF4B-00C04F79EFBC}") = "SemaphoreTest", "SemaphoreTest\SemaphoreTest.csproj", "{F4306A17-FE02-46F0-B4C8-6153C02AC1CC}"
EndProject
Project("{FAE04EC0-301F-11D3-BF4B-00C04F79EFBC}") = "Semaphore", "Semaphore\Semaphore.csproj", "{9DAC4384-C028-4A4C-BB8E-49F4488BC99E}"
EndProject
Global
	GlobalSection(SolutionConfigurationPlatforms) = preSolution
		Debug|Any CPU = Debug|Any CPU
		Release|Any CPU = Release|Any CPU
	EndGlobalSection
	GlobalSection(ProjectConfigurationPlatforms) = postSolution
		{F4306A17-FE02-46F0-B4C8-6153C02AC1CC}.Debug|Any CPU.ActiveCfg = Debug|Any CPU
		{F4306A17-FE02-46F0-B4C8-6153C02AC1CC}.Debug|Any CPU.Build.0 = Debug|Any CPU
		{F4306A17-FE02-46F0-B4C8-6153C02AC1CC}.Release|Any CPU.ActiveCfg = Release|Any CPU
		{F4306A17-FE02-46F0-B4C8-6153C02AC1CC}.Release|Any CPU.Build.0 = Release|Any CPU
		{9DAC4384-C028-4A4C-BB8E-49F4488BC99E}.Debug|Any CPU.ActiveCfg = Debug|Any CPU
		{9DAC4384-C028-4A4C-BB8E-49F4488BC99E}.Debug|Any CPU.Build.0 = Debug|Any CPU
		{9DAC4384-C028-4A4C-BB8E-49F4488BC99E}.Release|Any CPU.ActiveCfg = Release|Any CPU
		{9DAC4384-C028-4A4C-BB8E-49F4488BC99E}.Release|Any CPU.Build.0 = Release|Any CPU
	EndGlobalSection
	GlobalSection(SolutionProperties) = preSolution
		HideSolutionNode = FALSE
	EndGlobalSection
EndGlobal
